{
  "nodes": {
    "crane": {
      "locked": {
        "lastModified": 1727824512,
        "narHash": "sha256-DvFQd58W20BEqh0BUt33eZhzPKBXGO/r9aiSFIVMaWU=",
        "owner": "ipetkov",
        "repo": "crane",
        "rev": "a376dd1efac7bce448857c62961c6311be26cb09",
        "type": "github"
      },
      "original": {
        "owner": "ipetkov",
        "repo": "crane",
        "type": "github"
      }
    },
    "flake-utils": {
      "inputs": {
        "systems": "systems"
      },
      "locked": {
        "lastModified": 1726560853,
        "narHash": "sha256-X6rJYSESBVr3hBoH0WbKE5KvhPU5bloyZ2L4K60/fPQ=",
        "owner": "numtide",
        "repo": "flake-utils",
        "rev": "c1dfcf08411b08f6b8615f7d8971a2bfa81d5e8a",
        "type": "github"
      },
      "original": {
        "owner": "numtide",
        "repo": "flake-utils",
        "type": "github"
      }
    },
    "moxctl": {
      "inputs": {
        "nixpkgs": [
          "nixpkgs"
        ],
        "rust-overlay": "rust-overlay",
        "wgsl_analyzer": "wgsl_analyzer"
      },
      "locked": {
        "lastModified": 1743845338,
        "narHash": "sha256-dGjvAsOOtSrCzlR3+vFpAiHO+X/xGXG3Cd98zqVBB/8=",
        "owner": "unixpariah",
        "repo": "moxctl",
        "rev": "58c4bfe422c0891c8047852991ef33fc0d181466",
        "type": "github"
      },
      "original": {
        "owner": "unixpariah",
        "repo": "moxctl",
        "type": "github"
      }
    },
    "nixpkgs": {
      "locked": {
        "lastModified": 1744463964,
        "narHash": "sha256-LWqduOgLHCFxiTNYi3Uj5Lgz0SR+Xhw3kr/3Xd0GPTM=",
        "owner": "NixOS",
        "repo": "nixpkgs",
        "rev": "2631b0b7abcea6e640ce31cd78ea58910d31e650",
        "type": "github"
      },
      "original": {
        "owner": "NixOS",
        "ref": "nixos-unstable",
        "repo": "nixpkgs",
        "type": "github"
      }
    },
    "root": {
      "inputs": {
        "moxctl": "moxctl",
        "nixpkgs": "nixpkgs",
        "rust-overlay": "rust-overlay_2"
      }
    },
    "rust-overlay": {
      "inputs": {
        "nixpkgs": [
          "moxctl",
          "nixpkgs"
        ]
      },
      "locked": {
        "lastModified": 1741660300,
        "narHash": "sha256-0jldJ58sC5RjqwpwE+ER+RPMeX4Moz5im/evQ3SU/dU=",
        "owner": "oxalica",
        "repo": "rust-overlay",
        "rev": "ac2f556db0eb5cbba3c4f5f5989c46330f439b0b",
        "type": "github"
      },
      "original": {
        "owner": "oxalica",
        "repo": "rust-overlay",
        "type": "github"
      }
    },
    "rust-overlay_2": {
      "inputs": {
        "nixpkgs": [
          "nixpkgs"
        ]
      },
      "locked": {
        "lastModified": 1744684506,
        "narHash": "sha256-pDPDMT1rdkTWi8MIoZ67gT3L817R7P0Jo+PP+BrnyJI=",
        "owner": "oxalica",
        "repo": "rust-overlay",
        "rev": "47beae969336c05e892e1e4a9dbaac9593de34ab",
        "type": "github"
      },
      "original": {
        "owner": "oxalica",
        "repo": "rust-overlay",
        "type": "github"
      }
    },
    "systems": {
      "locked": {
        "lastModified": 1681028828,
        "narHash": "sha256-Vy1rq5AaRuLzOxct8nz4T6wlgyUR7zLU309k9mBC768=",
        "owner": "nix-systems",
        "repo": "default",
        "rev": "da67096a3b9bf56a91d16901293e51ba5b49a27e",
        "type": "github"
      },
      "original": {
        "owner": "nix-systems",
        "repo": "default",
        "type": "github"
      }
    },
    "wgsl_analyzer": {
      "inputs": {
        "crane": "crane",
        "flake-utils": "flake-utils",
        "nixpkgs": [
          "moxctl",
          "nixpkgs"
        ]
      },
      "locked": {
        "lastModified": 1741626089,
        "narHash": "sha256-gNbs9oEUj/rcTgwI7PRyw2lBdtv27Y8aaj1LOFWCuFA=",
        "owner": "wgsl-analyzer",
        "repo": "wgsl-analyzer",
        "rev": "93ee8f83e3b7e84c54bf71061dab32445f5d55c5",
        "type": "github"
      },
      "original": {
        "owner": "wgsl-analyzer",
        "repo": "wgsl-analyzer",
        "type": "github"
      }
    }
  },
  "root": "root",
  "version": 7
}
